
Microsoft Visual Studio Solution File, Format Version 10.00
# Visual Studio 2008
Project("{FAE04EC0-301F-11D3-BF4B-00C04F79EFBC}") = "Pokedex", "Pokedex\Pokedex.csproj", "{E7906CBE-716B-47F4-8883-64F7B5ABACDB}"
EndProject
Global
	GlobalSection(SolutionConfigurationPlatforms) = preSolution
		Debug|Any CPU = Debug|Any CPU
		Release|Any CPU = Release|Any CPU
	EndGlobalSection
	GlobalSection(ProjectConfigurationPlatforms) = postSolution
		{E7906CBE-716B-47F4-8883-64F7B5ABACDB}.Debug|Any CPU.ActiveCfg = Debug|Any CPU
		{E7906CBE-716B-47F4-8883-64F7B5ABACDB}.Debug|Any CPU.Build.0 = Debug|Any CPU
		{E7906CBE-716B-47F4-8883-64F7B5ABACDB}.Release|Any CPU.ActiveCfg = Release|Any CPU
		{E7906CBE-716B-47F4-8883-64F7B5ABACDB}.Release|Any CPU.Build.0 = Release|Any CPU
	EndGlobalSection
	GlobalSection(SolutionProperties) = preSolution
		HideSolutionNode = FALSE
	EndGlobalSection
EndGlobal
